
Microsoft Visual Studio Solution File, Format Version 12.00
# Visual Studio Version 17
VisualStudioVersion = 17.7.34202.233
MinimumVisualStudioVersion = 10.0.40219.1
Project("{9A19103F-16F7-4668-BE54-9A1E7A4F7556}") = "Schurko.Foundation", "Schurko.Foundation\Schurko.Foundation.csproj", "{3254AD60-DD2F-447F-BE55-B24F01811418}"
EndProject
Project("{9A19103F-16F7-4668-BE54-9A1E7A4F7556}") = "Schurko.Foundation.Tests", "Schurko.Foundation.Tests\Schurko.Foundation.Tests.csproj", "{CE9C4B16-6FA9-4D49-BA1E-FF81E084A854}"
EndProject
Project("{2150E333-8FDC-42A3-9474-1A3956D46DE8}") = "Assets", "Assets", "{14D6E7E8-6709-49DB-A4D6-9E325EC5BE52}"
	ProjectSection(SolutionItems) = preProject
		Assets\InMemoryMessageQueue.sql = Assets\InMemoryMessageQueue.sql
		Assets\LoggerTable.SQL = Assets\LoggerTable.SQL
		Assets\README.txt = Assets\README.txt
		Assets\spCreateLog.SQL = Assets\spCreateLog.SQL
	EndProjectSection
EndProject
Global
	GlobalSection(SolutionConfigurationPlatforms) = preSolution
		Debug|Any CPU = Debug|Any CPU
		Release|Any CPU = Release|Any CPU
	EndGlobalSection
	GlobalSection(ProjectConfigurationPlatforms) = postSolution
		{3254AD60-DD2F-447F-BE55-B24F01811418}.Debug|Any CPU.ActiveCfg = Debug|Any CPU
		{3254AD60-DD2F-447F-BE55-B24F01811418}.Debug|Any CPU.Build.0 = Debug|Any CPU
		{3254AD60-DD2F-447F-BE55-B24F01811418}.Release|Any CPU.ActiveCfg = Release|Any CPU
		{3254AD60-DD2F-447F-BE55-B24F01811418}.Release|Any CPU.Build.0 = Release|Any CPU
		{CE9C4B16-6FA9-4D49-BA1E-FF81E084A854}.Debug|Any CPU.ActiveCfg = Debug|Any CPU
		{CE9C4B16-6FA9-4D49-BA1E-FF81E084A854}.Debug|Any CPU.Build.0 = Debug|Any CPU
		{CE9C4B16-6FA9-4D49-BA1E-FF81E084A854}.Release|Any CPU.ActiveCfg = Release|Any CPU
		{CE9C4B16-6FA9-4D49-BA1E-FF81E084A854}.Release|Any CPU.Build.0 = Release|Any CPU
	EndGlobalSection
	GlobalSection(SolutionProperties) = preSolution
		HideSolutionNode = FALSE
	EndGlobalSection
	GlobalSection(ExtensibilityGlobals) = postSolution
		SolutionGuid = {8D7620D3-D49B-4B20-9652-44382714BD8E}
	EndGlobalSection
EndGlobal
